
Microsoft Visual Studio Solution File, Format Version 12.00
# Visual Studio 15
VisualStudioVersion = 15.0.28307.421
MinimumVisualStudioVersion = 10.0.40219.1
Project("{9A19103F-16F7-4668-BE54-9A1E7A4F7556}") = "DataPrepSample", "DataPrepSample\DataPrepSample.csproj", "{D2F1BE25-0758-4961-8635-7055FC16FF64}"
EndProject
Global
	GlobalSection(SolutionConfigurationPlatforms) = preSolution
		Debug|Any CPU = Debug|Any CPU
		Release|Any CPU = Release|Any CPU
	EndGlobalSection
	GlobalSection(ProjectConfigurationPlatforms) = postSolution
		{D2F1BE25-0758-4961-8635-7055FC16FF64}.Debug|Any CPU.ActiveCfg = Debug|Any CPU
		{D2F1BE25-0758-4961-8635-7055FC16FF64}.Debug|Any CPU.Build.0 = Debug|Any CPU
		{D2F1BE25-0758-4961-8635-7055FC16FF64}.Release|Any CPU.ActiveCfg = Release|Any CPU
		{D2F1BE25-0758-4961-8635-7055FC16FF64}.Release|Any CPU.Build.0 = Release|Any CPU
	EndGlobalSection
	GlobalSection(SolutionProperties) = preSolution
		HideSolutionNode = FALSE
	EndGlobalSection
	GlobalSection(ExtensibilityGlobals) = postSolution
		SolutionGuid = {2688947A-C741-4FCE-A4E0-B4639168A1C7}
	EndGlobalSection
EndGlobal
